
Microsoft Visual Studio Solution File, Format Version 12.00
# Visual Studio Version 16
VisualStudioVersion = 16.0.30503.244
MinimumVisualStudioVersion = 10.0.40219.1
Project("{9A19103F-16F7-4668-BE54-9A1E7A4F7556}") = "lib4_2", "lib4_2.csproj", "{68B2C059-7C89-4CC7-932A-29268189CB1F}"
EndProject
Global
	GlobalSection(SolutionConfigurationPlatforms) = preSolution
		Debug|Any CPU = Debug|Any CPU
		Debug|x64 = Debug|x64
		Release|Any CPU = Release|Any CPU
		Release|x64 = Release|x64
	EndGlobalSection
	GlobalSection(ProjectConfigurationPlatforms) = postSolution
		{68B2C059-7C89-4CC7-932A-29268189CB1F}.Debug|Any CPU.ActiveCfg = Debug|Any CPU
		{68B2C059-7C89-4CC7-932A-29268189CB1F}.Debug|Any CPU.Build.0 = Debug|Any CPU
		{68B2C059-7C89-4CC7-932A-29268189CB1F}.Debug|x64.ActiveCfg = Debug|x64
		{68B2C059-7C89-4CC7-932A-29268189CB1F}.Debug|x64.Build.0 = Debug|x64
		{68B2C059-7C89-4CC7-932A-29268189CB1F}.Release|Any CPU.ActiveCfg = Release|Any CPU
		{68B2C059-7C89-4CC7-932A-29268189CB1F}.Release|Any CPU.Build.0 = Release|Any CPU
		{68B2C059-7C89-4CC7-932A-29268189CB1F}.Release|x64.ActiveCfg = Release|x64
		{68B2C059-7C89-4CC7-932A-29268189CB1F}.Release|x64.Build.0 = Release|x64
	EndGlobalSection
	GlobalSection(SolutionProperties) = preSolution
		HideSolutionNode = FALSE
	EndGlobalSection
	GlobalSection(ExtensibilityGlobals) = postSolution
		SolutionGuid = {DBC429C3-F670-422A-9BEB-099BA19BFC22}
	EndGlobalSection
EndGlobal
