
Microsoft Visual Studio Solution File, Format Version 12.00
# Visual Studio Version 16
VisualStudioVersion = 16.0.31025.194
MinimumVisualStudioVersion = 10.0.40219.1
Project("{9A19103F-16F7-4668-BE54-9A1E7A4F7556}") = "laba5", "5laba\laba5.csproj", "{C54B7074-D224-4473-B414-77763F2CB186}"
EndProject
Global
	GlobalSection(SolutionConfigurationPlatforms) = preSolution
		Debug|Any CPU = Debug|Any CPU
		Release|Any CPU = Release|Any CPU
	EndGlobalSection
	GlobalSection(ProjectConfigurationPlatforms) = postSolution
		{C54B7074-D224-4473-B414-77763F2CB186}.Debug|Any CPU.ActiveCfg = Debug|Any CPU
		{C54B7074-D224-4473-B414-77763F2CB186}.Debug|Any CPU.Build.0 = Debug|Any CPU
		{C54B7074-D224-4473-B414-77763F2CB186}.Release|Any CPU.ActiveCfg = Release|Any CPU
		{C54B7074-D224-4473-B414-77763F2CB186}.Release|Any CPU.Build.0 = Release|Any CPU
	EndGlobalSection
	GlobalSection(SolutionProperties) = preSolution
		HideSolutionNode = FALSE
	EndGlobalSection
	GlobalSection(ExtensibilityGlobals) = postSolution
		SolutionGuid = {CB8CEBAB-AF0F-43FF-B52E-4844AB54DC5F}
	EndGlobalSection
EndGlobal
