
Microsoft Visual Studio Solution File, Format Version 12.00
# Visual Studio Version 16
VisualStudioVersion = 16.0.31025.194
MinimumVisualStudioVersion = 10.0.40219.1
Project("{FAE04EC0-301F-11D3-BF4B-00C04F79EFBC}") = "laba4", "laba4\laba4.csproj", "{1A8F1DAA-FF01-4EF2-B83A-7D56607FDB5B}"
EndProject
Global
	GlobalSection(SolutionConfigurationPlatforms) = preSolution
		Debug|Any CPU = Debug|Any CPU
		Release|Any CPU = Release|Any CPU
	EndGlobalSection
	GlobalSection(ProjectConfigurationPlatforms) = postSolution
		{1A8F1DAA-FF01-4EF2-B83A-7D56607FDB5B}.Debug|Any CPU.ActiveCfg = Debug|Any CPU
		{1A8F1DAA-FF01-4EF2-B83A-7D56607FDB5B}.Debug|Any CPU.Build.0 = Debug|Any CPU
		{1A8F1DAA-FF01-4EF2-B83A-7D56607FDB5B}.Release|Any CPU.ActiveCfg = Release|Any CPU
		{1A8F1DAA-FF01-4EF2-B83A-7D56607FDB5B}.Release|Any CPU.Build.0 = Release|Any CPU
	EndGlobalSection
	GlobalSection(SolutionProperties) = preSolution
		HideSolutionNode = FALSE
	EndGlobalSection
	GlobalSection(ExtensibilityGlobals) = postSolution
		SolutionGuid = {C465BD51-458B-44B8-BF11-B5514816CC99}
	EndGlobalSection
EndGlobal
